
Microsoft Visual Studio Solution File, Format Version 12.00
# Visual Studio Version 17
VisualStudioVersion = 17.11.35327.3
MinimumVisualStudioVersion = 10.0.40219.1
Project("{FAE04EC0-301F-11D3-BF4B-00C04F79EFBC}") = "Basic_C#_FeaturesConsoleApp", "Basic_C#_FeaturesConsoleApp\Basic_C#_FeaturesConsoleApp.csproj", "{60159135-48E6-4AB1-AC4A-583916B017EA}"
EndProject
Global
	GlobalSection(SolutionConfigurationPlatforms) = preSolution
		Debug|Any CPU = Debug|Any CPU
		Release|Any CPU = Release|Any CPU
	EndGlobalSection
	GlobalSection(ProjectConfigurationPlatforms) = postSolution
		{60159135-48E6-4AB1-AC4A-583916B017EA}.Debug|Any CPU.ActiveCfg = Debug|Any CPU
		{60159135-48E6-4AB1-AC4A-583916B017EA}.Debug|Any CPU.Build.0 = Debug|Any CPU
		{60159135-48E6-4AB1-AC4A-583916B017EA}.Release|Any CPU.ActiveCfg = Release|Any CPU
		{60159135-48E6-4AB1-AC4A-583916B017EA}.Release|Any CPU.Build.0 = Release|Any CPU
	EndGlobalSection
	GlobalSection(SolutionProperties) = preSolution
		HideSolutionNode = FALSE
	EndGlobalSection
	GlobalSection(ExtensibilityGlobals) = postSolution
		SolutionGuid = {A9EBDF84-9228-4DD8-A685-B2BCEAC486CE}
	EndGlobalSection
EndGlobal
